File.Version=6
MxCube.Version=6.4.0
MxDb.Version=DB.6.0.40
KeepUserPlacement=false
Mcu.Name=STM32H743ZITx
board=
ProjectManager.ProjectFileName=Projeto 02 - FDCAN Normal mode teste.ioc
ProjectManager.ProjectName=Projeto 02 - FDCAN Normal mode teste
ProjectManager.PreviousToolchain=
ProjectManager.TargetToolchain=STM32CubeIDE
ProjectManager.DeletePrevious=true
ProjectManager.UnderRoot=true
ProjectManager.MainLocation=Core/Src
ProjectManager.ToolChainLocation=
ProjectManager.LibraryCopy=1
ProjectManager.FirmwarePackage=STM32Cube FW_H7 V1.9.1
ProjectManager.CustomerFirmwarePackage=
ProjectManager.DefaultFWLocation=true
ProjectManager.DeviceId=STM32H743ZITx
ProjectManager.isStatic=false
ProjectManager.isCPP=false
isbadioc=false
